
Microsoft Visual Studio Solution File, Format Version 12.00
Project("{FAE04EC0-301F-11D3-BF4B-00C04F79EFBC}") = "Apfel.core", "Apfel.core\Apfel.core.csproj", "{BE7CCC78-BE17-47DA-AF86-67A3F61DBDB6}"
EndProject
Global
	GlobalSection(SolutionConfigurationPlatforms) = preSolution
		Debug|Any CPU = Debug|Any CPU
		Release|Any CPU = Release|Any CPU
	EndGlobalSection
	GlobalSection(ProjectConfigurationPlatforms) = postSolution
		{BE7CCC78-BE17-47DA-AF86-67A3F61DBDB6}.Debug|Any CPU.ActiveCfg = Debug|Any CPU
		{BE7CCC78-BE17-47DA-AF86-67A3F61DBDB6}.Debug|Any CPU.Build.0 = Debug|Any CPU
		{BE7CCC78-BE17-47DA-AF86-67A3F61DBDB6}.Release|Any CPU.ActiveCfg = Release|Any CPU
		{BE7CCC78-BE17-47DA-AF86-67A3F61DBDB6}.Release|Any CPU.Build.0 = Release|Any CPU
	EndGlobalSection
EndGlobal
